// !$*UTF8*$!
{
	archiveVersion = 1;
	classes = {
	};
	objectVersion = 56;
	objects = {

/* Begin PBXBuildFile section */
		190B3DA82CB77A7700F34C59 /* ImagePicker.swift in Sources */ = {isa = PBXBuildFile; fileRef = 190B3DA72CB77A7700F34C59 /* ImagePicker.swift */; };
		1917C4CD2C9C473D00791E59 /* TopBar.swift in Sources */ = {isa = PBXBuildFile; fileRef = 1917C4CC2C9C473D00791E59 /* TopBar.swift */; };
		1917C4CF2C9CEEE600791E59 /* UIApplication.swift in Sources */ = {isa = PBXBuildFile; fileRef = 1917C4CE2C9CEEE600791E59 /* UIApplication.swift */; };
		1917C4D42C9CF07D00791E59 /* KeyboardGuardian.swift in Sources */ = {isa = PBXBuildFile; fileRef = 1917C4D32C9CF07D00791E59 /* KeyboardGuardian.swift */; };
		196A9B102CBD2B120004856E /* SignUpView.swift in Sources */ = {isa = PBXBuildFile; fileRef = 196A9B0F2CBD2B120004856E /* SignUpView.swift */; };
		196A9B3E2CBF61350004856E /* SignUpPasswordView.swift in Sources */ = {isa = PBXBuildFile; fileRef = 196A9B3D2CBF61350004856E /* SignUpPasswordView.swift */; };
		196A9B422CBFC9C60004856E /* SignUpFinalView.swift in Sources */ = {isa = PBXBuildFile; fileRef = 196A9B412CBFC9C60004856E /* SignUpFinalView.swift */; };
		196A9B462CC2018B0004856E /* MainView.swift in Sources */ = {isa = PBXBuildFile; fileRef = 196A9B452CC2018B0004856E /* MainView.swift */; };
		196B9D732CE723C3006DFF0E /* ServerUrl.swift in Sources */ = {isa = PBXBuildFile; fileRef = 196B9D722CE723C3006DFF0E /* ServerUrl.swift */; };
		196B9D762CE7255B006DFF0E /* BoardModel.swift in Sources */ = {isa = PBXBuildFile; fileRef = 196B9D752CE7255B006DFF0E /* BoardModel.swift */; };
		196B9D782CE72583006DFF0E /* BoardViewModel.swift in Sources */ = {isa = PBXBuildFile; fileRef = 196B9D772CE72583006DFF0E /* BoardViewModel.swift */; };
		196B9D7A2CE7286C006DFF0E /* PostModel.swift in Sources */ = {isa = PBXBuildFile; fileRef = 196B9D792CE7286C006DFF0E /* PostModel.swift */; };
		196B9D7C2CE72873006DFF0E /* PostViewModel.swift in Sources */ = {isa = PBXBuildFile; fileRef = 196B9D7B2CE72873006DFF0E /* PostViewModel.swift */; };
		196B9DF52CEB6F9B006DFF0E /* LoginModel.swift in Sources */ = {isa = PBXBuildFile; fileRef = 196B9DF42CEB6F9B006DFF0E /* LoginModel.swift */; };
		196B9DFA2CEB70CB006DFF0E /* ProfileView.swift in Sources */ = {isa = PBXBuildFile; fileRef = 196B9DF92CEB70CB006DFF0E /* ProfileView.swift */; };
		196B9DFC2CEB70DD006DFF0E /* MyPostView.swift in Sources */ = {isa = PBXBuildFile; fileRef = 196B9DFB2CEB70DD006DFF0E /* MyPostView.swift */; };
		196B9DFE2CEB70E5006DFF0E /* MyCommentView.swift in Sources */ = {isa = PBXBuildFile; fileRef = 196B9DFD2CEB70E5006DFF0E /* MyCommentView.swift */; };
		196B9E032CEB729C006DFF0E /* TokenResponse.swift in Sources */ = {isa = PBXBuildFile; fileRef = 196B9E022CEB729C006DFF0E /* TokenResponse.swift */; };
		196B9E052CEB72CE006DFF0E /* RefreshAccessToken.swift in Sources */ = {isa = PBXBuildFile; fileRef = 196B9E042CEB72CE006DFF0E /* RefreshAccessToken.swift */; };
		196B9E082CEB7432006DFF0E /* SignUpModel.swift in Sources */ = {isa = PBXBuildFile; fileRef = 196B9E072CEB7432006DFF0E /* SignUpModel.swift */; };
		196B9E0A2CEB743E006DFF0E /* SignUpViewModel.swift in Sources */ = {isa = PBXBuildFile; fileRef = 196B9E092CEB743E006DFF0E /* SignUpViewModel.swift */; };
		196B9E0C2CEB76D0006DFF0E /* LoginViewModel.swift in Sources */ = {isa = PBXBuildFile; fileRef = 196B9E0B2CEB76D0006DFF0E /* LoginViewModel.swift */; };
		196C4CE82CA2A92B007BEA13 /* SheetView.swift in Sources */ = {isa = PBXBuildFile; fileRef = 196C4CE72CA2A92B007BEA13 /* SheetView.swift */; };
		196D58222CA59200003C0D3B /* CustomTextField.swift in Sources */ = {isa = PBXBuildFile; fileRef = 196D58212CA59200003C0D3B /* CustomTextField.swift */; };
		196D58242CA62C5F003C0D3B /* LoginView.swift in Sources */ = {isa = PBXBuildFile; fileRef = 196D58232CA62C5F003C0D3B /* LoginView.swift */; };
		198D2CB62CD39074001F09EB /* EndTextEditing.swift in Sources */ = {isa = PBXBuildFile; fileRef = 198D2CB52CD39074001F09EB /* EndTextEditing.swift */; };
		198D2CD82CD3A140001F09EB /* Pretendard-Regular.ttf in Resources */ = {isa = PBXBuildFile; fileRef = 198D2CCF2CD3A140001F09EB /* Pretendard-Regular.ttf */; };
		198D2CD92CD3A140001F09EB /* Pretendard-Black.ttf in Resources */ = {isa = PBXBuildFile; fileRef = 198D2CD02CD3A140001F09EB /* Pretendard-Black.ttf */; };
		198D2CDA2CD3A140001F09EB /* Pretendard-Medium.ttf in Resources */ = {isa = PBXBuildFile; fileRef = 198D2CD12CD3A140001F09EB /* Pretendard-Medium.ttf */; };
		198D2CDB2CD3A140001F09EB /* Pretendard-ExtraBold.ttf in Resources */ = {isa = PBXBuildFile; fileRef = 198D2CD22CD3A140001F09EB /* Pretendard-ExtraBold.ttf */; };
		198D2CDC2CD3A140001F09EB /* Pretendard-ExtraLight.ttf in Resources */ = {isa = PBXBuildFile; fileRef = 198D2CD32CD3A140001F09EB /* Pretendard-ExtraLight.ttf */; };
		198D2CDD2CD3A140001F09EB /* Pretendard-SemiBold.ttf in Resources */ = {isa = PBXBuildFile; fileRef = 198D2CD42CD3A140001F09EB /* Pretendard-SemiBold.ttf */; };
		198D2CDE2CD3A140001F09EB /* Pretendard-Bold.ttf in Resources */ = {isa = PBXBuildFile; fileRef = 198D2CD52CD3A140001F09EB /* Pretendard-Bold.ttf */; };
		198D2CDF2CD3A140001F09EB /* Pretendard-Thin.ttf in Resources */ = {isa = PBXBuildFile; fileRef = 198D2CD62CD3A140001F09EB /* Pretendard-Thin.ttf */; };
		198D2CE02CD3A140001F09EB /* Pretendard-Light.ttf in Resources */ = {isa = PBXBuildFile; fileRef = 198D2CD72CD3A140001F09EB /* Pretendard-Light.ttf */; };
		198D2CE22CD3A382001F09EB /* PostDetailView.swift in Sources */ = {isa = PBXBuildFile; fileRef = 198D2CE12CD3A382001F09EB /* PostDetailView.swift */; };
		198D2CE52CD3B381001F09EB /* Alamofire in Frameworks */ = {isa = PBXBuildFile; productRef = 198D2CE42CD3B381001F09EB /* Alamofire */; };
		198D2CE92CD3B5E5001F09EB /* alsdlasdkmsakdmaskView.swift in Sources */ = {isa = PBXBuildFile; fileRef = 198D2CE82CD3B5E5001F09EB /* alsdlasdkmsakdmaskView.swift */; };
		1991F3672C9C325B0030EFDE /* TookApp.swift in Sources */ = {isa = PBXBuildFile; fileRef = 1991F3662C9C325B0030EFDE /* TookApp.swift */; };
		1991F36B2C9C325E0030EFDE /* Assets.xcassets in Resources */ = {isa = PBXBuildFile; fileRef = 1991F36A2C9C325E0030EFDE /* Assets.xcassets */; };
		1991F36E2C9C325E0030EFDE /* Preview Assets.xcassets in Resources */ = {isa = PBXBuildFile; fileRef = 1991F36D2C9C325E0030EFDE /* Preview Assets.xcassets */; };
		19DF96522CA2F4340077255F /* BoardView.swift in Sources */ = {isa = PBXBuildFile; fileRef = 19DF96512CA2F4340077255F /* BoardView.swift */; };
		19EAA5282CF2E8DB007B7A21 /* SignUpIdView.swift in Sources */ = {isa = PBXBuildFile; fileRef = 19EAA5272CF2E8DB007B7A21 /* SignUpIdView.swift */; };
		19EAA52A2CF2EBAB007B7A21 /* SignUpExView.swift in Sources */ = {isa = PBXBuildFile; fileRef = 19EAA5292CF2EBAB007B7A21 /* SignUpExView.swift */; };
		19EAA52C2CF2ED6B007B7A21 /* LoginExView.swift in Sources */ = {isa = PBXBuildFile; fileRef = 19EAA52B2CF2ED6B007B7A21 /* LoginExView.swift */; };
		19EAA52E2CF2F741007B7A21 /* ProfileViewModel.swift in Sources */ = {isa = PBXBuildFile; fileRef = 19EAA52D2CF2F741007B7A21 /* ProfileViewModel.swift */; };
		19EAA5302CF3132D007B7A21 /* ProfileExView.swift in Sources */ = {isa = PBXBuildFile; fileRef = 19EAA52F2CF3132D007B7A21 /* ProfileExView.swift */; };
		19EAA5342CF31F41007B7A21 /* PostBox.swift in Sources */ = {isa = PBXBuildFile; fileRef = 19EAA5332CF31F41007B7A21 /* PostBox.swift */; };
		19EAA5362CF32B89007B7A21 /* MyPostViewModel.swift in Sources */ = {isa = PBXBuildFile; fileRef = 19EAA5352CF32B89007B7A21 /* MyPostViewModel.swift */; };
		19EAA5392CF32BC5007B7A21 /* MyPostModel.swift in Sources */ = {isa = PBXBuildFile; fileRef = 19EAA5382CF32BC5007B7A21 /* MyPostModel.swift */; };
		19EAA53B2CF332E5007B7A21 /* MyPostEditView.swift in Sources */ = {isa = PBXBuildFile; fileRef = 19EAA53A2CF332E5007B7A21 /* MyPostEditView.swift */; };
/* End PBXBuildFile section */

/* Begin PBXFileReference section */
		190B3DA72CB77A7700F34C59 /* ImagePicker.swift */ = {isa = PBXFileReference; lastKnownFileType = sourcecode.swift; path = ImagePicker.swift; sourceTree = "<group>"; };
		1917C4CC2C9C473D00791E59 /* TopBar.swift */ = {isa = PBXFileReference; lastKnownFileType = sourcecode.swift; path = TopBar.swift; sourceTree = "<group>"; };
		1917C4CE2C9CEEE600791E59 /* UIApplication.swift */ = {isa = PBXFileReference; lastKnownFileType = sourcecode.swift; path = UIApplication.swift; sourceTree = "<group>"; };
		1917C4D32C9CF07D00791E59 /* KeyboardGuardian.swift */ = {isa = PBXFileReference; lastKnownFileType = sourcecode.swift; path = KeyboardGuardian.swift; sourceTree = "<group>"; };
		196A9B0F2CBD2B120004856E /* SignUpView.swift */ = {isa = PBXFileReference; lastKnownFileType = sourcecode.swift; path = SignUpView.swift; sourceTree = "<group>"; };
		196A9B3D2CBF61350004856E /* SignUpPasswordView.swift */ = {isa = PBXFileReference; lastKnownFileType = sourcecode.swift; path = SignUpPasswordView.swift; sourceTree = "<group>"; };
		196A9B412CBFC9C60004856E /* SignUpFinalView.swift */ = {isa = PBXFileReference; lastKnownFileType = sourcecode.swift; path = SignUpFinalView.swift; sourceTree = "<group>"; };
		196A9B452CC2018B0004856E /* MainView.swift */ = {isa = PBXFileReference; lastKnownFileType = sourcecode.swift; path = MainView.swift; sourceTree = "<group>"; };
		196B9D722CE723C3006DFF0E /* ServerUrl.swift */ = {isa = PBXFileReference; lastKnownFileType = sourcecode.swift; path = ServerUrl.swift; sourceTree = "<group>"; };
		196B9D752CE7255B006DFF0E /* BoardModel.swift */ = {isa = PBXFileReference; lastKnownFileType = sourcecode.swift; path = BoardModel.swift; sourceTree = "<group>"; };
		196B9D772CE72583006DFF0E /* BoardViewModel.swift */ = {isa = PBXFileReference; lastKnownFileType = sourcecode.swift; path = BoardViewModel.swift; sourceTree = "<group>"; };
		196B9D792CE7286C006DFF0E /* PostModel.swift */ = {isa = PBXFileReference; lastKnownFileType = sourcecode.swift; path = PostModel.swift; sourceTree = "<group>"; };
		196B9D7B2CE72873006DFF0E /* PostViewModel.swift */ = {isa = PBXFileReference; lastKnownFileType = sourcecode.swift; path = PostViewModel.swift; sourceTree = "<group>"; };
		196B9DF42CEB6F9B006DFF0E /* LoginModel.swift */ = {isa = PBXFileReference; lastKnownFileType = sourcecode.swift; path = LoginModel.swift; sourceTree = "<group>"; };
		196B9DF92CEB70CB006DFF0E /* ProfileView.swift */ = {isa = PBXFileReference; lastKnownFileType = sourcecode.swift; path = ProfileView.swift; sourceTree = "<group>"; };
		196B9DFB2CEB70DD006DFF0E /* MyPostView.swift */ = {isa = PBXFileReference; lastKnownFileType = sourcecode.swift; path = MyPostView.swift; sourceTree = "<group>"; };
		196B9DFD2CEB70E5006DFF0E /* MyCommentView.swift */ = {isa = PBXFileReference; lastKnownFileType = sourcecode.swift; path = MyCommentView.swift; sourceTree = "<group>"; };
		196B9E022CEB729C006DFF0E /* TokenResponse.swift */ = {isa = PBXFileReference; lastKnownFileType = sourcecode.swift; path = TokenResponse.swift; sourceTree = "<group>"; };
		196B9E042CEB72CE006DFF0E /* RefreshAccessToken.swift */ = {isa = PBXFileReference; lastKnownFileType = sourcecode.swift; path = RefreshAccessToken.swift; sourceTree = "<group>"; };
		196B9E072CEB7432006DFF0E /* SignUpModel.swift */ = {isa = PBXFileReference; lastKnownFileType = sourcecode.swift; path = SignUpModel.swift; sourceTree = "<group>"; };
		196B9E092CEB743E006DFF0E /* SignUpViewModel.swift */ = {isa = PBXFileReference; lastKnownFileType = sourcecode.swift; path = SignUpViewModel.swift; sourceTree = "<group>"; };
		196B9E0B2CEB76D0006DFF0E /* LoginViewModel.swift */ = {isa = PBXFileReference; lastKnownFileType = sourcecode.swift; path = LoginViewModel.swift; sourceTree = "<group>"; };
		196C4CE72CA2A92B007BEA13 /* SheetView.swift */ = {isa = PBXFileReference; lastKnownFileType = sourcecode.swift; path = SheetView.swift; sourceTree = "<group>"; };
		196D58212CA59200003C0D3B /* CustomTextField.swift */ = {isa = PBXFileReference; lastKnownFileType = sourcecode.swift; path = CustomTextField.swift; sourceTree = "<group>"; };
		196D58232CA62C5F003C0D3B /* LoginView.swift */ = {isa = PBXFileReference; lastKnownFileType = sourcecode.swift; path = LoginView.swift; sourceTree = "<group>"; };
		198D2CB52CD39074001F09EB /* EndTextEditing.swift */ = {isa = PBXFileReference; lastKnownFileType = sourcecode.swift; path = EndTextEditing.swift; sourceTree = "<group>"; };
		198D2CCC2CD39F4C001F09EB /* Info.plist */ = {isa = PBXFileReference; lastKnownFileType = text.plist.xml; path = Info.plist; sourceTree = "<group>"; };
		198D2CCF2CD3A140001F09EB /* Pretendard-Regular.ttf */ = {isa = PBXFileReference; lastKnownFileType = file; path = "Pretendard-Regular.ttf"; sourceTree = "<group>"; };
		198D2CD02CD3A140001F09EB /* Pretendard-Black.ttf */ = {isa = PBXFileReference; lastKnownFileType = file; path = "Pretendard-Black.ttf"; sourceTree = "<group>"; };
		198D2CD12CD3A140001F09EB /* Pretendard-Medium.ttf */ = {isa = PBXFileReference; lastKnownFileType = file; path = "Pretendard-Medium.ttf"; sourceTree = "<group>"; };
		198D2CD22CD3A140001F09EB /* Pretendard-ExtraBold.ttf */ = {isa = PBXFileReference; lastKnownFileType = file; path = "Pretendard-ExtraBold.ttf"; sourceTree = "<group>"; };
		198D2CD32CD3A140001F09EB /* Pretendard-ExtraLight.ttf */ = {isa = PBXFileReference; lastKnownFileType = file; path = "Pretendard-ExtraLight.ttf"; sourceTree = "<group>"; };
		198D2CD42CD3A140001F09EB /* Pretendard-SemiBold.ttf */ = {isa = PBXFileReference; lastKnownFileType = file; path = "Pretendard-SemiBold.ttf"; sourceTree = "<group>"; };
		198D2CD52CD3A140001F09EB /* Pretendard-Bold.ttf */ = {isa = PBXFileReference; lastKnownFileType = file; path = "Pretendard-Bold.ttf"; sourceTree = "<group>"; };
		198D2CD62CD3A140001F09EB /* Pretendard-Thin.ttf */ = {isa = PBXFileReference; lastKnownFileType = file; path = "Pretendard-Thin.ttf"; sourceTree = "<group>"; };
		198D2CD72CD3A140001F09EB /* Pretendard-Light.ttf */ = {isa = PBXFileReference; lastKnownFileType = file; path = "Pretendard-Light.ttf"; sourceTree = "<group>"; };
		198D2CE12CD3A382001F09EB /* PostDetailView.swift */ = {isa = PBXFileReference; lastKnownFileType = sourcecode.swift; path = PostDetailView.swift; sourceTree = "<group>"; };
		198D2CE82CD3B5E5001F09EB /* alsdlasdkmsakdmaskView.swift */ = {isa = PBXFileReference; lastKnownFileType = sourcecode.swift; path = alsdlasdkmsakdmaskView.swift; sourceTree = "<group>"; };
		1991F3632C9C325B0030EFDE /* Took.app */ = {isa = PBXFileReference; explicitFileType = wrapper.application; includeInIndex = 0; path = Took.app; sourceTree = BUILT_PRODUCTS_DIR; };
		1991F3662C9C325B0030EFDE /* TookApp.swift */ = {isa = PBXFileReference; lastKnownFileType = sourcecode.swift; path = TookApp.swift; sourceTree = "<group>"; };
		1991F36A2C9C325E0030EFDE /* Assets.xcassets */ = {isa = PBXFileReference; lastKnownFileType = folder.assetcatalog; path = Assets.xcassets; sourceTree = "<group>"; };
		1991F36D2C9C325E0030EFDE /* Preview Assets.xcassets */ = {isa = PBXFileReference; lastKnownFileType = folder.assetcatalog; path = "Preview Assets.xcassets"; sourceTree = "<group>"; };
		19DF96512CA2F4340077255F /* BoardView.swift */ = {isa = PBXFileReference; lastKnownFileType = sourcecode.swift; path = BoardView.swift; sourceTree = "<group>"; };
		19EAA5272CF2E8DB007B7A21 /* SignUpIdView.swift */ = {isa = PBXFileReference; lastKnownFileType = sourcecode.swift; path = SignUpIdView.swift; sourceTree = "<group>"; };
		19EAA5292CF2EBAB007B7A21 /* SignUpExView.swift */ = {isa = PBXFileReference; lastKnownFileType = sourcecode.swift; path = SignUpExView.swift; sourceTree = "<group>"; };
		19EAA52B2CF2ED6B007B7A21 /* LoginExView.swift */ = {isa = PBXFileReference; lastKnownFileType = sourcecode.swift; path = LoginExView.swift; sourceTree = "<group>"; };
		19EAA52D2CF2F741007B7A21 /* ProfileViewModel.swift */ = {isa = PBXFileReference; lastKnownFileType = sourcecode.swift; path = ProfileViewModel.swift; sourceTree = "<group>"; };
		19EAA52F2CF3132D007B7A21 /* ProfileExView.swift */ = {isa = PBXFileReference; lastKnownFileType = sourcecode.swift; path = ProfileExView.swift; sourceTree = "<group>"; };
		19EAA5332CF31F41007B7A21 /* PostBox.swift */ = {isa = PBXFileReference; lastKnownFileType = sourcecode.swift; path = PostBox.swift; sourceTree = "<group>"; };
		19EAA5352CF32B89007B7A21 /* MyPostViewModel.swift */ = {isa = PBXFileReference; lastKnownFileType = sourcecode.swift; path = MyPostViewModel.swift; sourceTree = "<group>"; };
		19EAA5382CF32BC5007B7A21 /* MyPostModel.swift */ = {isa = PBXFileReference; lastKnownFileType = sourcecode.swift; path = MyPostModel.swift; sourceTree = "<group>"; };
		19EAA53A2CF332E5007B7A21 /* MyPostEditView.swift */ = {isa = PBXFileReference; lastKnownFileType = sourcecode.swift; path = MyPostEditView.swift; sourceTree = "<group>"; };
/* End PBXFileReference section */

/* Begin PBXFrameworksBuildPhase section */
		1991F3602C9C325B0030EFDE /* Frameworks */ = {
			isa = PBXFrameworksBuildPhase;
			buildActionMask = 2147483647;
			files = (
				198D2CE52CD3B381001F09EB /* Alamofire in Frameworks */,
			);
			runOnlyForDeploymentPostprocessing = 0;
		};
/* End PBXFrameworksBuildPhase section */

/* Begin PBXGroup section */
		1917C4D12C9CEFDE00791E59 /* View */ = {
			isa = PBXGroup;
			children = (
				196B9D7D2CE72877006DFF0E /* Main */,
				198D2CE82CD3B5E5001F09EB /* alsdlasdkmsakdmaskView.swift */,
			);
			path = View;
			sourceTree = "<group>";
		};
		1917C4D22C9CF00900791E59 /* Features */ = {
			isa = PBXGroup;
			children = (
				196B9DF82CEB70BC006DFF0E /* Profile */,
				196B9DF62CEB6FC2006DFF0E /* Write */,
				1917C4CE2C9CEEE600791E59 /* UIApplication.swift */,
				1917C4D32C9CF07D00791E59 /* KeyboardGuardian.swift */,
				190B3DA72CB77A7700F34C59 /* ImagePicker.swift */,
				198D2CB52CD39074001F09EB /* EndTextEditing.swift */,
			);
			path = Features;
			sourceTree = "<group>";
		};
		196B9D712CE723B1006DFF0E /* Util */ = {
			isa = PBXGroup;
			children = (
				196B9D722CE723C3006DFF0E /* ServerUrl.swift */,
			);
			path = Util;
			sourceTree = "<group>";
		};
		196B9D7D2CE72877006DFF0E /* Main */ = {
			isa = PBXGroup;
			children = (
				196A9B452CC2018B0004856E /* MainView.swift */,
				196B9D7B2CE72873006DFF0E /* PostViewModel.swift */,
				196B9D792CE7286C006DFF0E /* PostModel.swift */,
			);
			path = Main;
			sourceTree = "<group>";
		};
		196B9DF32CEB6F92006DFF0E /* Auth */ = {
			isa = PBXGroup;
			children = (
				196B9E012CEB7226006DFF0E /* Response */,
				196B9DFF2CEB7150006DFF0E /* Login */,
				196B9E002CEB715D006DFF0E /* SignUp */,
			);
			path = Auth;
			sourceTree = "<group>";
		};
		196B9DF62CEB6FC2006DFF0E /* Write */ = {
			isa = PBXGroup;
			children = (
				196C4CE72CA2A92B007BEA13 /* SheetView.swift */,
				198D2CE12CD3A382001F09EB /* PostDetailView.swift */,
				196B9D772CE72583006DFF0E /* BoardViewModel.swift */,
				196B9D752CE7255B006DFF0E /* BoardModel.swift */,
				19DF96512CA2F4340077255F /* BoardView.swift */,
			);
			path = Write;
			sourceTree = "<group>";
		};
		196B9DF82CEB70BC006DFF0E /* Profile */ = {
			isa = PBXGroup;
			children = (
				19EAA52F2CF3132D007B7A21 /* ProfileExView.swift */,
				196B9DF92CEB70CB006DFF0E /* ProfileView.swift */,
				19EAA52D2CF2F741007B7A21 /* ProfileViewModel.swift */,
				19EAA5372CF32BB8007B7A21 /* MyPost */,
				196B9DFD2CEB70E5006DFF0E /* MyCommentView.swift */,
			);
			path = Profile;
			sourceTree = "<group>";
		};
		196B9DFF2CEB7150006DFF0E /* Login */ = {
			isa = PBXGroup;
			children = (
				196B9DF42CEB6F9B006DFF0E /* LoginModel.swift */,
				196B9E0B2CEB76D0006DFF0E /* LoginViewModel.swift */,
				196D58232CA62C5F003C0D3B /* LoginView.swift */,
				19EAA52B2CF2ED6B007B7A21 /* LoginExView.swift */,
			);
			path = Login;
			sourceTree = "<group>";
		};
		196B9E002CEB715D006DFF0E /* SignUp */ = {
			isa = PBXGroup;
			children = (
				196B9E062CEB7400006DFF0E /* GetInfo */,
				196B9E072CEB7432006DFF0E /* SignUpModel.swift */,
				196B9E092CEB743E006DFF0E /* SignUpViewModel.swift */,
				19EAA5292CF2EBAB007B7A21 /* SignUpExView.swift */,
			);
			path = SignUp;
			sourceTree = "<group>";
		};
		196B9E012CEB7226006DFF0E /* Response */ = {
			isa = PBXGroup;
			children = (
				196B9E022CEB729C006DFF0E /* TokenResponse.swift */,
				196B9E042CEB72CE006DFF0E /* RefreshAccessToken.swift */,
			);
			path = Response;
			sourceTree = "<group>";
		};
		196B9E062CEB7400006DFF0E /* GetInfo */ = {
			isa = PBXGroup;
			children = (
				196A9B0F2CBD2B120004856E /* SignUpView.swift */,
				19EAA5272CF2E8DB007B7A21 /* SignUpIdView.swift */,
				196A9B3D2CBF61350004856E /* SignUpPasswordView.swift */,
				196A9B412CBFC9C60004856E /* SignUpFinalView.swift */,
			);
			path = GetInfo;
			sourceTree = "<group>";
		};
		196B9E0D2CEB7887006DFF0E /* App */ = {
			isa = PBXGroup;
			children = (
				1991F3662C9C325B0030EFDE /* TookApp.swift */,
			);
			path = App;
			sourceTree = "<group>";
		};
		196D58202CA591CB003C0D3B /* Component */ = {
			isa = PBXGroup;
			children = (
				1917C4CC2C9C473D00791E59 /* TopBar.swift */,
				196D58212CA59200003C0D3B /* CustomTextField.swift */,
				19EAA5332CF31F41007B7A21 /* PostBox.swift */,
			);
			path = Component;
			sourceTree = "<group>";
		};
		198D2CCE2CD3A10E001F09EB /* Font */ = {
			isa = PBXGroup;
			children = (
				198D2CD02CD3A140001F09EB /* Pretendard-Black.ttf */,
				198D2CD52CD3A140001F09EB /* Pretendard-Bold.ttf */,
				198D2CD22CD3A140001F09EB /* Pretendard-ExtraBold.ttf */,
				198D2CD32CD3A140001F09EB /* Pretendard-ExtraLight.ttf */,
				198D2CD72CD3A140001F09EB /* Pretendard-Light.ttf */,
				198D2CD12CD3A140001F09EB /* Pretendard-Medium.ttf */,
				198D2CCF2CD3A140001F09EB /* Pretendard-Regular.ttf */,
				198D2CD42CD3A140001F09EB /* Pretendard-SemiBold.ttf */,
				198D2CD62CD3A140001F09EB /* Pretendard-Thin.ttf */,
			);
			path = Font;
			sourceTree = "<group>";
		};
		1991F35A2C9C325B0030EFDE = {
			isa = PBXGroup;
			children = (
				198D2CCC2CD39F4C001F09EB /* Info.plist */,
				1991F3652C9C325B0030EFDE /* Took */,
				1991F3642C9C325B0030EFDE /* Products */,
			);
			sourceTree = "<group>";
		};
		1991F3642C9C325B0030EFDE /* Products */ = {
			isa = PBXGroup;
			children = (
				1991F3632C9C325B0030EFDE /* Took.app */,
			);
			name = Products;
			sourceTree = "<group>";
		};
		1991F3652C9C325B0030EFDE /* Took */ = {
			isa = PBXGroup;
			children = (
				196B9E0D2CEB7887006DFF0E /* App */,
				198D2CCE2CD3A10E001F09EB /* Font */,
				196B9D712CE723B1006DFF0E /* Util */,
				196B9DF32CEB6F92006DFF0E /* Auth */,
				196D58202CA591CB003C0D3B /* Component */,
				1917C4D22C9CF00900791E59 /* Features */,
				1917C4D12C9CEFDE00791E59 /* View */,
				1991F36A2C9C325E0030EFDE /* Assets.xcassets */,
				1991F36C2C9C325E0030EFDE /* Preview Content */,
			);
			path = Took;
			sourceTree = "<group>";
		};
		1991F36C2C9C325E0030EFDE /* Preview Content */ = {
			isa = PBXGroup;
			children = (
				1991F36D2C9C325E0030EFDE /* Preview Assets.xcassets */,
			);
			path = "Preview Content";
			sourceTree = "<group>";
		};
		19EAA5372CF32BB8007B7A21 /* MyPost */ = {
			isa = PBXGroup;
			children = (
				19EAA5352CF32B89007B7A21 /* MyPostViewModel.swift */,
				19EAA53A2CF332E5007B7A21 /* MyPostEditView.swift */,
				196B9DFB2CEB70DD006DFF0E /* MyPostView.swift */,
				19EAA5382CF32BC5007B7A21 /* MyPostModel.swift */,
			);
			path = MyPost;
			sourceTree = "<group>";
		};
/* End PBXGroup section */

/* Begin PBXNativeTarget section */
		1991F3622C9C325B0030EFDE /* Took */ = {
			isa = PBXNativeTarget;
			buildConfigurationList = 1991F3712C9C325E0030EFDE /* Build configuration list for PBXNativeTarget "Took" */;
			buildPhases = (
				1991F35F2C9C325B0030EFDE /* Sources */,
				1991F3602C9C325B0030EFDE /* Frameworks */,
				1991F3612C9C325B0030EFDE /* Resources */,
			);
			buildRules = (
			);
			dependencies = (
			);
			name = Took;
			packageProductDependencies = (
				198D2CE42CD3B381001F09EB /* Alamofire */,
			);
			productName = Took;
			productReference = 1991F3632C9C325B0030EFDE /* Took.app */;
			productType = "com.apple.product-type.application";
		};
/* End PBXNativeTarget section */

/* Begin PBXProject section */
		1991F35B2C9C325B0030EFDE /* Project object */ = {
			isa = PBXProject;
			attributes = {
				BuildIndependentTargetsInParallel = 1;
				LastSwiftUpdateCheck = 1540;
				LastUpgradeCheck = 1540;
				TargetAttributes = {
					1991F3622C9C325B0030EFDE = {
						CreatedOnToolsVersion = 15.4;
					};
				};
			};
			buildConfigurationList = 1991F35E2C9C325B0030EFDE /* Build configuration list for PBXProject "Took" */;
			compatibilityVersion = "Xcode 14.0";
			developmentRegion = en;
			hasScannedForEncodings = 0;
			knownRegions = (
				en,
				Base,
			);
			mainGroup = 1991F35A2C9C325B0030EFDE;
			packageReferences = (
				198D2CE32CD3B381001F09EB /* XCRemoteSwiftPackageReference "Alamofire" */,
			);
			productRefGroup = 1991F3642C9C325B0030EFDE /* Products */;
			projectDirPath = "";
			projectRoot = "";
			targets = (
				1991F3622C9C325B0030EFDE /* Took */,
			);
		};
/* End PBXProject section */

/* Begin PBXResourcesBuildPhase section */
		1991F3612C9C325B0030EFDE /* Resources */ = {
			isa = PBXResourcesBuildPhase;
			buildActionMask = 2147483647;
			files = (
				198D2CE02CD3A140001F09EB /* Pretendard-Light.ttf in Resources */,
				198D2CDD2CD3A140001F09EB /* Pretendard-SemiBold.ttf in Resources */,
				1991F36E2C9C325E0030EFDE /* Preview Assets.xcassets in Resources */,
				198D2CDA2CD3A140001F09EB /* Pretendard-Medium.ttf in Resources */,
				1991F36B2C9C325E0030EFDE /* Assets.xcassets in Resources */,
				198D2CDE2CD3A140001F09EB /* Pretendard-Bold.ttf in Resources */,
				198D2CDB2CD3A140001F09EB /* Pretendard-ExtraBold.ttf in Resources */,
				198D2CDF2CD3A140001F09EB /* Pretendard-Thin.ttf in Resources */,
				198D2CDC2CD3A140001F09EB /* Pretendard-ExtraLight.ttf in Resources */,
				198D2CD82CD3A140001F09EB /* Pretendard-Regular.ttf in Resources */,
				198D2CD92CD3A140001F09EB /* Pretendard-Black.ttf in Resources */,
			);
			runOnlyForDeploymentPostprocessing = 0;
		};
/* End PBXResourcesBuildPhase section */

/* Begin PBXSourcesBuildPhase section */
		1991F35F2C9C325B0030EFDE /* Sources */ = {
			isa = PBXSourcesBuildPhase;
			buildActionMask = 2147483647;
			files = (
				190B3DA82CB77A7700F34C59 /* ImagePicker.swift in Sources */,
				196B9D732CE723C3006DFF0E /* ServerUrl.swift in Sources */,
				196B9D782CE72583006DFF0E /* BoardViewModel.swift in Sources */,
				196A9B102CBD2B120004856E /* SignUpView.swift in Sources */,
				196A9B422CBFC9C60004856E /* SignUpFinalView.swift in Sources */,
				196B9D7C2CE72873006DFF0E /* PostViewModel.swift in Sources */,
				19DF96522CA2F4340077255F /* BoardView.swift in Sources */,
				198D2CE92CD3B5E5001F09EB /* alsdlasdkmsakdmaskView.swift in Sources */,
				196B9E0C2CEB76D0006DFF0E /* LoginViewModel.swift in Sources */,
				1917C4CF2C9CEEE600791E59 /* UIApplication.swift in Sources */,
				196B9D7A2CE7286C006DFF0E /* PostModel.swift in Sources */,
				19EAA53B2CF332E5007B7A21 /* MyPostEditView.swift in Sources */,
				196B9DFE2CEB70E5006DFF0E /* MyCommentView.swift in Sources */,
				196B9DFA2CEB70CB006DFF0E /* ProfileView.swift in Sources */,
				196B9DFC2CEB70DD006DFF0E /* MyPostView.swift in Sources */,
				196A9B462CC2018B0004856E /* MainView.swift in Sources */,
				19EAA5282CF2E8DB007B7A21 /* SignUpIdView.swift in Sources */,
				196C4CE82CA2A92B007BEA13 /* SheetView.swift in Sources */,
				196B9E082CEB7432006DFF0E /* SignUpModel.swift in Sources */,
				196B9E0A2CEB743E006DFF0E /* SignUpViewModel.swift in Sources */,
				196A9B3E2CBF61350004856E /* SignUpPasswordView.swift in Sources */,
				196B9E032CEB729C006DFF0E /* TokenResponse.swift in Sources */,
				196D58242CA62C5F003C0D3B /* LoginView.swift in Sources */,
				196B9E052CEB72CE006DFF0E /* RefreshAccessToken.swift in Sources */,
				19EAA5392CF32BC5007B7A21 /* MyPostModel.swift in Sources */,
				19EAA52C2CF2ED6B007B7A21 /* LoginExView.swift in Sources */,
				19EAA5302CF3132D007B7A21 /* ProfileExView.swift in Sources */,
				196B9DF52CEB6F9B006DFF0E /* LoginModel.swift in Sources */,
				1917C4CD2C9C473D00791E59 /* TopBar.swift in Sources */,
				196D58222CA59200003C0D3B /* CustomTextField.swift in Sources */,
				198D2CB62CD39074001F09EB /* EndTextEditing.swift in Sources */,
				19EAA52A2CF2EBAB007B7A21 /* SignUpExView.swift in Sources */,
				198D2CE22CD3A382001F09EB /* PostDetailView.swift in Sources */,
				19EAA52E2CF2F741007B7A21 /* ProfileViewModel.swift in Sources */,
				196B9D762CE7255B006DFF0E /* BoardModel.swift in Sources */,
				19EAA5362CF32B89007B7A21 /* MyPostViewModel.swift in Sources */,
				1917C4D42C9CF07D00791E59 /* KeyboardGuardian.swift in Sources */,
				1991F3672C9C325B0030EFDE /* TookApp.swift in Sources */,
				19EAA5342CF31F41007B7A21 /* PostBox.swift in Sources */,
			);
			runOnlyForDeploymentPostprocessing = 0;
		};
/* End PBXSourcesBuildPhase section */

/* Begin XCBuildConfiguration section */
		1991F36F2C9C325E0030EFDE /* Debug */ = {
			isa = XCBuildConfiguration;
			buildSettings = {
				ALWAYS_SEARCH_USER_PATHS = NO;
				ASSETCATALOG_COMPILER_GENERATE_SWIFT_ASSET_SYMBOL_EXTENSIONS = YES;
				CLANG_ANALYZER_NONNULL = YES;
				CLANG_ANALYZER_NUMBER_OBJECT_CONVERSION = YES_AGGRESSIVE;
				CLANG_CXX_LANGUAGE_STANDARD = "gnu++20";
				CLANG_ENABLE_MODULES = YES;
				CLANG_ENABLE_OBJC_ARC = YES;
				CLANG_ENABLE_OBJC_WEAK = YES;
				CLANG_WARN_BLOCK_CAPTURE_AUTORELEASING = YES;
				CLANG_WARN_BOOL_CONVERSION = YES;
				CLANG_WARN_COMMA = YES;
				CLANG_WARN_CONSTANT_CONVERSION = YES;
				CLANG_WARN_DEPRECATED_OBJC_IMPLEMENTATIONS = YES;
				CLANG_WARN_DIRECT_OBJC_ISA_USAGE = YES_ERROR;
				CLANG_WARN_DOCUMENTATION_COMMENTS = YES;
				CLANG_WARN_EMPTY_BODY = YES;
				CLANG_WARN_ENUM_CONVERSION = YES;
				CLANG_WARN_INFINITE_RECURSION = YES;
				CLANG_WARN_INT_CONVERSION = YES;
				CLANG_WARN_NON_LITERAL_NULL_CONVERSION = YES;
				CLANG_WARN_OBJC_IMPLICIT_RETAIN_SELF = YES;
				CLANG_WARN_OBJC_LITERAL_CONVERSION = YES;
				CLANG_WARN_OBJC_ROOT_CLASS = YES_ERROR;
				CLANG_WARN_QUOTED_INCLUDE_IN_FRAMEWORK_HEADER = YES;
				CLANG_WARN_RANGE_LOOP_ANALYSIS = YES;
				CLANG_WARN_STRICT_PROTOTYPES = YES;
				CLANG_WARN_SUSPICIOUS_MOVE = YES;
				CLANG_WARN_UNGUARDED_AVAILABILITY = YES_AGGRESSIVE;
				CLANG_WARN_UNREACHABLE_CODE = YES;
				CLANG_WARN__DUPLICATE_METHOD_MATCH = YES;
				COPY_PHASE_STRIP = NO;
				DEBUG_INFORMATION_FORMAT = dwarf;
				ENABLE_STRICT_OBJC_MSGSEND = YES;
				ENABLE_TESTABILITY = YES;
				ENABLE_USER_SCRIPT_SANDBOXING = YES;
				GCC_C_LANGUAGE_STANDARD = gnu17;
				GCC_DYNAMIC_NO_PIC = NO;
				GCC_NO_COMMON_BLOCKS = YES;
				GCC_OPTIMIZATION_LEVEL = 0;
				GCC_PREPROCESSOR_DEFINITIONS = (
					"DEBUG=1",
					"$(inherited)",
				);
				GCC_WARN_64_TO_32_BIT_CONVERSION = YES;
				GCC_WARN_ABOUT_RETURN_TYPE = YES_ERROR;
				GCC_WARN_UNDECLARED_SELECTOR = YES;
				GCC_WARN_UNINITIALIZED_AUTOS = YES_AGGRESSIVE;
				GCC_WARN_UNUSED_FUNCTION = YES;
				GCC_WARN_UNUSED_VARIABLE = YES;
				IPHONEOS_DEPLOYMENT_TARGET = 17.5;
				LOCALIZATION_PREFERS_STRING_CATALOGS = YES;
				MTL_ENABLE_DEBUG_INFO = INCLUDE_SOURCE;
				MTL_FAST_MATH = YES;
				ONLY_ACTIVE_ARCH = YES;
				"PRODUCT_BUNDLE_IDENTIFIER[sdk=*]" = "";
				SDKROOT = iphoneos;
				SWIFT_ACTIVE_COMPILATION_CONDITIONS = "DEBUG $(inherited)";
				SWIFT_OPTIMIZATION_LEVEL = "-Onone";
			};
			name = Debug;
		};
		1991F3702C9C325E0030EFDE /* Release */ = {
			isa = XCBuildConfiguration;
			buildSettings = {
				ALWAYS_SEARCH_USER_PATHS = NO;
				ASSETCATALOG_COMPILER_GENERATE_SWIFT_ASSET_SYMBOL_EXTENSIONS = YES;
				CLANG_ANALYZER_NONNULL = YES;
				CLANG_ANALYZER_NUMBER_OBJECT_CONVERSION = YES_AGGRESSIVE;
				CLANG_CXX_LANGUAGE_STANDARD = "gnu++20";
				CLANG_ENABLE_MODULES = YES;
				CLANG_ENABLE_OBJC_ARC = YES;
				CLANG_ENABLE_OBJC_WEAK = YES;
				CLANG_WARN_BLOCK_CAPTURE_AUTORELEASING = YES;
				CLANG_WARN_BOOL_CONVERSION = YES;
				CLANG_WARN_COMMA = YES;
				CLANG_WARN_CONSTANT_CONVERSION = YES;
				CLANG_WARN_DEPRECATED_OBJC_IMPLEMENTATIONS = YES;
				CLANG_WARN_DIRECT_OBJC_ISA_USAGE = YES_ERROR;
				CLANG_WARN_DOCUMENTATION_COMMENTS = YES;
				CLANG_WARN_EMPTY_BODY = YES;
				CLANG_WARN_ENUM_CONVERSION = YES;
				CLANG_WARN_INFINITE_RECURSION = YES;
				CLANG_WARN_INT_CONVERSION = YES;
				CLANG_WARN_NON_LITERAL_NULL_CONVERSION = YES;
				CLANG_WARN_OBJC_IMPLICIT_RETAIN_SELF = YES;
				CLANG_WARN_OBJC_LITERAL_CONVERSION = YES;
				CLANG_WARN_OBJC_ROOT_CLASS = YES_ERROR;
				CLANG_WARN_QUOTED_INCLUDE_IN_FRAMEWORK_HEADER = YES;
				CLANG_WARN_RANGE_LOOP_ANALYSIS = YES;
				CLANG_WARN_STRICT_PROTOTYPES = YES;
				CLANG_WARN_SUSPICIOUS_MOVE = YES;
				CLANG_WARN_UNGUARDED_AVAILABILITY = YES_AGGRESSIVE;
				CLANG_WARN_UNREACHABLE_CODE = YES;
				CLANG_WARN__DUPLICATE_METHOD_MATCH = YES;
				COPY_PHASE_STRIP = NO;
				DEBUG_INFORMATION_FORMAT = "dwarf-with-dsym";
				ENABLE_NS_ASSERTIONS = NO;
				ENABLE_STRICT_OBJC_MSGSEND = YES;
				ENABLE_USER_SCRIPT_SANDBOXING = YES;
				GCC_C_LANGUAGE_STANDARD = gnu17;
				GCC_NO_COMMON_BLOCKS = YES;
				GCC_WARN_64_TO_32_BIT_CONVERSION = YES;
				GCC_WARN_ABOUT_RETURN_TYPE = YES_ERROR;
				GCC_WARN_UNDECLARED_SELECTOR = YES;
				GCC_WARN_UNINITIALIZED_AUTOS = YES_AGGRESSIVE;
				GCC_WARN_UNUSED_FUNCTION = YES;
				GCC_WARN_UNUSED_VARIABLE = YES;
				IPHONEOS_DEPLOYMENT_TARGET = 17.5;
				LOCALIZATION_PREFERS_STRING_CATALOGS = YES;
				MTL_ENABLE_DEBUG_INFO = NO;
				MTL_FAST_MATH = YES;
				SDKROOT = iphoneos;
				SWIFT_COMPILATION_MODE = wholemodule;
				VALIDATE_PRODUCT = YES;
			};
			name = Release;
		};
		1991F3722C9C325E0030EFDE /* Debug */ = {
			isa = XCBuildConfiguration;
			buildSettings = {
				ASSETCATALOG_COMPILER_APPICON_NAME = AppIcon;
				ASSETCATALOG_COMPILER_GLOBAL_ACCENT_COLOR_NAME = AccentColor;
				CODE_SIGN_IDENTITY = "Apple Development";
				CODE_SIGN_STYLE = Automatic;
				CURRENT_PROJECT_VERSION = 1;
				DEVELOPMENT_ASSET_PATHS = "\"Took/Preview Content\"";
				DEVELOPMENT_TEAM = 29R2Q8L23R;
				ENABLE_PREVIEWS = YES;
				GENERATE_INFOPLIST_FILE = YES;
				INFOPLIST_FILE = /Users/dgsw07/Desktop/Github/Took/Info.plist;
				INFOPLIST_KEY_LSApplicationCategoryType = "";
				INFOPLIST_KEY_UIApplicationSceneManifest_Generation = YES;
				INFOPLIST_KEY_UIApplicationSupportsIndirectInputEvents = YES;
				INFOPLIST_KEY_UILaunchScreen_Generation = YES;
				INFOPLIST_KEY_UISupportedInterfaceOrientations_iPad = "UIInterfaceOrientationPortrait UIInterfaceOrientationPortraitUpsideDown UIInterfaceOrientationLandscapeLeft UIInterfaceOrientationLandscapeRight";
				INFOPLIST_KEY_UISupportedInterfaceOrientations_iPhone = "UIInterfaceOrientationPortrait UIInterfaceOrientationLandscapeLeft UIInterfaceOrientationLandscapeRight";
				LD_RUNPATH_SEARCH_PATHS = (
					"$(inherited)",
					"@executable_path/Frameworks",
				);
				MARKETING_VERSION = 1.0;
				PRODUCT_BUNDLE_IDENTIFIER = com.rkddus.Took;
				PRODUCT_NAME = "$(TARGET_NAME)";
				PROVISIONING_PROFILE_SPECIFIER = "";
				SWIFT_EMIT_LOC_STRINGS = YES;
				SWIFT_VERSION = 5.0;
				TARGETED_DEVICE_FAMILY = "1,2";
			};
			name = Debug;
		};
		1991F3732C9C325E0030EFDE /* Release */ = {
			isa = XCBuildConfiguration;
			buildSettings = {
				ASSETCATALOG_COMPILER_APPICON_NAME = AppIcon;
				ASSETCATALOG_COMPILER_GLOBAL_ACCENT_COLOR_NAME = AccentColor;
				CODE_SIGN_IDENTITY = "Apple Development";
				CODE_SIGN_STYLE = Automatic;
				CURRENT_PROJECT_VERSION = 1;
				DEVELOPMENT_ASSET_PATHS = "\"Took/Preview Content\"";
				DEVELOPMENT_TEAM = 29R2Q8L23R;
				ENABLE_PREVIEWS = YES;
				GENERATE_INFOPLIST_FILE = YES;
				INFOPLIST_FILE = /Users/dgsw07/Desktop/Github/Took/Info.plist;
				INFOPLIST_KEY_LSApplicationCategoryType = "";
				INFOPLIST_KEY_UIApplicationSceneManifest_Generation = YES;
				INFOPLIST_KEY_UIApplicationSupportsIndirectInputEvents = YES;
				INFOPLIST_KEY_UILaunchScreen_Generation = YES;
				INFOPLIST_KEY_UISupportedInterfaceOrientations_iPad = "UIInterfaceOrientationPortrait UIInterfaceOrientationPortraitUpsideDown UIInterfaceOrientationLandscapeLeft UIInterfaceOrientationLandscapeRight";
				INFOPLIST_KEY_UISupportedInterfaceOrientations_iPhone = "UIInterfaceOrientationPortrait UIInterfaceOrientationLandscapeLeft UIInterfaceOrientationLandscapeRight";
				LD_RUNPATH_SEARCH_PATHS = (
					"$(inherited)",
					"@executable_path/Frameworks",
				);
				MARKETING_VERSION = 1.0;
				PRODUCT_BUNDLE_IDENTIFIER = com.rkddus.Took;
				PRODUCT_NAME = "$(TARGET_NAME)";
				PROVISIONING_PROFILE_SPECIFIER = "";
				SWIFT_EMIT_LOC_STRINGS = YES;
				SWIFT_VERSION = 5.0;
				TARGETED_DEVICE_FAMILY = "1,2";
			};
			name = Release;
		};
/* End XCBuildConfiguration section */

/* Begin XCConfigurationList section */
		1991F35E2C9C325B0030EFDE /* Build configuration list for PBXProject "Took" */ = {
			isa = XCConfigurationList;
			buildConfigurations = (
				1991F36F2C9C325E0030EFDE /* Debug */,
				1991F3702C9C325E0030EFDE /* Release */,
			);
			defaultConfigurationIsVisible = 0;
			defaultConfigurationName = Release;
		};
		1991F3712C9C325E0030EFDE /* Build configuration list for PBXNativeTarget "Took" */ = {
			isa = XCConfigurationList;
			buildConfigurations = (
				1991F3722C9C325E0030EFDE /* Debug */,
				1991F3732C9C325E0030EFDE /* Release */,
			);
			defaultConfigurationIsVisible = 0;
			defaultConfigurationName = Release;
		};
/* End XCConfigurationList section */

/* Begin XCRemoteSwiftPackageReference section */
		198D2CE32CD3B381001F09EB /* XCRemoteSwiftPackageReference "Alamofire" */ = {
			isa = XCRemoteSwiftPackageReference;
			repositoryURL = "https://github.com/Alamofire/Alamofire.git";
			requirement = {
				kind = upToNextMajorVersion;
				minimumVersion = 5.10.1;
			};
		};
/* End XCRemoteSwiftPackageReference section */

/* Begin XCSwiftPackageProductDependency section */
		198D2CE42CD3B381001F09EB /* Alamofire */ = {
			isa = XCSwiftPackageProductDependency;
			package = 198D2CE32CD3B381001F09EB /* XCRemoteSwiftPackageReference "Alamofire" */;
			productName = Alamofire;
		};
/* End XCSwiftPackageProductDependency section */
	};
	rootObject = 1991F35B2C9C325B0030EFDE /* Project object */;
}
